# This file is automatically @generated by Cargo.
# It is not intended for manual editing.
version = 4

[[package]]
name = "bitset"
version = "0.1.0"
dependencies = [
 "paste",
]

[[package]]
name = "hex-display"
version = "0.3.0"
source = "registry+https://github.com/rust-lang/crates.io-index"
checksum = "8b53d6a634507c5d9fdee77261ae54a8d1ff7887f5304389025b03c3292a1756"

[[package]]
name = "log"
version = "0.4.28"
source = "registry+https://github.com/rust-lang/crates.io-index"
checksum = "34080505efa8e45a4b816c349525ebe327ceaa8559756f0356cba97ef3bf7432"

[[package]]
name = "paste"
version = "1.0.15"
source = "registry+https://github.com/rust-lang/crates.io-index"
checksum = "57c0d7b74b563b49d38dae00a0c37d4d6de9b432382b2892f0574ddcae73fd0a"

[[package]]
name = "rust-os"
version = "0.1.0"
dependencies = [
 "bitset",
 "hex-display",
 "log",
 "shared",
 "util",
]

[[package]]
name = "shared"
version = "0.1.0"
dependencies = [
 "bitset",
]

[[package]]
name = "shell"
version = "0.1.0"
dependencies = [
 "hex-display",
 "userlib",
]

[[package]]
name = "userlib"
version = "0.1.0"
dependencies = [
 "shared",
]

[[package]]
name = "util"
version = "0.1.0"
